
Microsoft Visual Studio Solution File, Format Version 12.00
# Visual Studio Version 17
VisualStudioVersion = 17.0.31912.275
MinimumVisualStudioVersion = 10.0.40219.1
Project("{FAE04EC0-301F-11D3-BF4B-00C04F79EFBC}") = "overload1", "overload1.csproj", "{BE730884-36B6-4EB4-A92A-92C8B2923B2B}"
EndProject
Global
	GlobalSection(SolutionConfigurationPlatforms) = preSolution
		Debug|Any CPU = Debug|Any CPU
		Release|Any CPU = Release|Any CPU
	EndGlobalSection
	GlobalSection(ProjectConfigurationPlatforms) = postSolution
		{BE730884-36B6-4EB4-A92A-92C8B2923B2B}.Debug|Any CPU.ActiveCfg = Debug|Any CPU
		{BE730884-36B6-4EB4-A92A-92C8B2923B2B}.Debug|Any CPU.Build.0 = Debug|Any CPU
		{BE730884-36B6-4EB4-A92A-92C8B2923B2B}.Release|Any CPU.ActiveCfg = Release|Any CPU
		{BE730884-36B6-4EB4-A92A-92C8B2923B2B}.Release|Any CPU.Build.0 = Release|Any CPU
	EndGlobalSection
	GlobalSection(SolutionProperties) = preSolution
		HideSolutionNode = FALSE
	EndGlobalSection
	GlobalSection(ExtensibilityGlobals) = postSolution
		SolutionGuid = {553EF4D2-6DF1-42D6-9F55-3D3C0A81607C}
	EndGlobalSection
EndGlobal
